// !$*UTF8*$!
{
	archiveVersion = 1;
	classes = {
	};
	objectVersion = 51;
	objects = {

/* Begin PBXBuildFile section */
		022684F7B78725D0BA54ACA2 /* UserCell.swift in Sources */ = {isa = PBXBuildFile; fileRef = C2FF2FE7F2AA4F911E294365 /* UserCell.swift */; };
		0238A2C51383AF15D7398910 /* ProfileFilterCell.swift in Sources */ = {isa = PBXBuildFile; fileRef = DB512CAEC39A37C9D25C5875 /* ProfileFilterCell.swift */; };
		0AF53C4D771E5CBC50583DC1 /* EditProfileHeader.swift in Sources */ = {isa = PBXBuildFile; fileRef = 3FD622B26ADFB2EDC04033BE /* EditProfileHeader.swift */; };
		0E4776097A34F4910C0ED572 /* SceneDelegate.swift in Sources */ = {isa = PBXBuildFile; fileRef = 8AFEEDD4DB5356A6D94D946C /* SceneDelegate.swift */; };
		0FF99097B99965875D105A52 /* Roboto-Bold.ttf in Resources */ = {isa = PBXBuildFile; fileRef = AB6E9830B78FB3FDFF32D5EB /* Roboto-Bold.ttf */; };
		16D47C9F1BDD44F87F089C84 /* EditProfileCell.swift in Sources */ = {isa = PBXBuildFile; fileRef = DA0ECB8D81256025E3731A31 /* EditProfileCell.swift */; };
		1DF51C1AE18A36D4D1BC2108 /* ProfileController.swift in Sources */ = {isa = PBXBuildFile; fileRef = 6F2A9BA3D65FF658BC90EB38 /* ProfileController.swift */; };
		229E49E56B9306908C19AFC4 /* UserService.swift in Sources */ = {isa = PBXBuildFile; fileRef = BC72C667F417BF059A7BD744 /* UserService.swift */; };
		2942C0164B24FC50659BACED /* TweetController.swift in Sources */ = {isa = PBXBuildFile; fileRef = 6860961FDD62AB609E723DB3 /* TweetController.swift */; };
		318E4E5C5C9D7FC12CFBC30F /* TweetHeader.swift in Sources */ = {isa = PBXBuildFile; fileRef = 58EE2AF04B749CAE22FE93B5 /* TweetHeader.swift */; };
		3DA174FA574F35955AC27EB7 /* NotificationViewModel.swift in Sources */ = {isa = PBXBuildFile; fileRef = 7727B3B64BF9099ECDC50B3F /* NotificationViewModel.swift */; };
		40C67974B075393848CE9C32 /* InputTextView.swift in Sources */ = {isa = PBXBuildFile; fileRef = 970EFA6B67B79098826D844C /* InputTextView.swift */; };
		42C5F91FCA236F8C1EAE445F /* TweetViewModel.swift in Sources */ = {isa = PBXBuildFile; fileRef = 0FAF2B56313362303FF7CEEA /* TweetViewModel.swift */; };
		4B8B10605BC0B953B697DB57 /* Notification.swift in Sources */ = {isa = PBXBuildFile; fileRef = 63CBC07C28AE8F5D517ACB2B /* Notification.swift */; };
		5556E912C9741C2A0EAAE933 /* EditProfileController.swift in Sources */ = {isa = PBXBuildFile; fileRef = 4C0A4C8D02C6D3AB7BAAC9D5 /* EditProfileController.swift */; };
		587887D5C3FFE535D713907C /* NotificationsController.swift in Sources */ = {isa = PBXBuildFile; fileRef = 0F0128C6182584314AC4A1E5 /* NotificationsController.swift */; };
		5F1C68E817F43A6C8AE77ADD /* SearchController.swift in Sources */ = {isa = PBXBuildFile; fileRef = 6186A7EF604D85049D21DD8C /* SearchController.swift */; };
		6002B54B8CFB8C513F071813 /* LaunchScreen.storyboard in Resources */ = {isa = PBXBuildFile; fileRef = 156BE44AE7B0DB5D881A3000 /* LaunchScreen.storyboard */; };
		64C510B33B3F69E602D0326C /* ConversationsController.swift in Sources */ = {isa = PBXBuildFile; fileRef = A7DECC3F093BCE85548AD2CF /* ConversationsController.swift */; };
		65BB9442BED45AA5365EE474 /* AppDelegate.swift in Sources */ = {isa = PBXBuildFile; fileRef = 473B9FEEBD0E032C05E38307 /* AppDelegate.swift */; };
		688A962A9E12620F88972C88 /* User.swift in Sources */ = {isa = PBXBuildFile; fileRef = B5EF9E6FA475B210B03888D9 /* User.swift */; };
		6BCFA21F5A6F21AA8BB79C02 /* SignUpController.swift in Sources */ = {isa = PBXBuildFile; fileRef = 6CB57265B3D7900A204308E5 /* SignUpController.swift */; };
		6E1A984FC07B5EA32227BD4B /* Assets.xcassets in Resources */ = {isa = PBXBuildFile; fileRef = F023FFB43DA109ACDE1E7A96 /* Assets.xcassets */; };
		6FAA85B7A0042325E9BF84C6 /* MainTabController.swift in Sources */ = {isa = PBXBuildFile; fileRef = ABD38035BE77EF2C4CD72331 /* MainTabController.swift */; };
		744D28311E515B12CF224789 /* ProfileHeaderViewModel.swift in Sources */ = {isa = PBXBuildFile; fileRef = AF49697FBB0DBA6D99029602 /* ProfileHeaderViewModel.swift */; };
		74C04412FEA33B6F589857A7 /* EditProfileFooter.swift in Sources */ = {isa = PBXBuildFile; fileRef = 00BB678DD82EC0102C46D617 /* EditProfileFooter.swift */; };
		767871290366919823FE33CA /* Extensions.swift in Sources */ = {isa = PBXBuildFile; fileRef = CF84CAA39EAB8E180B6ED84C /* Extensions.swift */; };
		85BE685C06D68B38D989AFE8 /* AuthService.swift in Sources */ = {isa = PBXBuildFile; fileRef = F825F71B28AFC6AA385F763D /* AuthService.swift */; };
		85D156A9BFB8D30FF2D07020 /* Pods_twitterClone.framework in Frameworks */ = {isa = PBXBuildFile; fileRef = 09EDAD0E777FCCB5CC8BDD91 /* Pods_twitterClone.framework */; };
		8D2ED81820938530B1ABB2E0 /* ActionSheetViewModel.swift in Sources */ = {isa = PBXBuildFile; fileRef = 3AB87DF460DBCC812B0BDF78 /* ActionSheetViewModel.swift */; };
		8DA090BCE061D2EA3984A026 /* TweetCell.swift in Sources */ = {isa = PBXBuildFile; fileRef = 828CE955E6CFC9E422EEAE09 /* TweetCell.swift */; };
		A53D3F5187AF45CCBC5C4055 /* Roboto-Regular.ttf in Resources */ = {isa = PBXBuildFile; fileRef = 22C5CEF50C51799D3EA116A9 /* Roboto-Regular.ttf */; };
		A76F6D2A6823DAC8F60D9374 /* NotificationCell.swift in Sources */ = {isa = PBXBuildFile; fileRef = 92ACC0C8C7B92B22E840A6D3 /* NotificationCell.swift */; };
		BA7004270114E4BF210134AA /* ActionSheetCell.swift in Sources */ = {isa = PBXBuildFile; fileRef = 4A64002B459F32A046B6C259 /* ActionSheetCell.swift */; };
		BD92294348B58AC6ADF1646E /* UploadTweetViewModel.swift in Sources */ = {isa = PBXBuildFile; fileRef = E53609922DDC4B22D345BCD3 /* UploadTweetViewModel.swift */; };
		BE65B6D2FE975D1F612D83A2 /* FeedController.swift in Sources */ = {isa = PBXBuildFile; fileRef = C729017246E9DF8C536C54A3 /* FeedController.swift */; };
		CAFBCC81E400152564CA33E0 /* GoogleService-Info.plist in Resources */ = {isa = PBXBuildFile; fileRef = A73E856162D9D161F4E6482F /* GoogleService-Info.plist */; };
		CF59AE250F731639BA21E42F /* Constants.swift in Sources */ = {isa = PBXBuildFile; fileRef = 66B6C7C413CAB4C4D266796D /* Constants.swift */; };
		DCDF3FBA20FB742CC54EC5E6 /* ActionSheetLauncher.swift in Sources */ = {isa = PBXBuildFile; fileRef = 10D9102106AE85B03792375E /* ActionSheetLauncher.swift */; };
		DFCE2BD5D0A502FA7515E1AD /* ProfileHeader.swift in Sources */ = {isa = PBXBuildFile; fileRef = 8FBD3C579E27B7793DB5AD0C /* ProfileHeader.swift */; };
		E61830A56FB7C923F7ACB23E /* EditProfileViewModel.swift in Sources */ = {isa = PBXBuildFile; fileRef = 150BB15B7128C74303C3BE75 /* EditProfileViewModel.swift */; };
		E67341696602B9B2407C1E77 /* NotificationService.swift in Sources */ = {isa = PBXBuildFile; fileRef = B419D10D1A3A3D08FBBA9973 /* NotificationService.swift */; };
		E821C8E97CE15FC6F1CE7772 /* Tweet.swift in Sources */ = {isa = PBXBuildFile; fileRef = 495B9FA16FC08069539D77D4 /* Tweet.swift */; };
		EFC11FA9D87D74D964401A4C /* UserRelantionsStats.swift in Sources */ = {isa = PBXBuildFile; fileRef = E40F5769EE76FA88C1B02C28 /* UserRelantionsStats.swift */; };
		F133C766C90B5E149713FE03 /* UploadTweetController.swift in Sources */ = {isa = PBXBuildFile; fileRef = 6CB3A71467AF571F311CA0C6 /* UploadTweetController.swift */; };
		FB129BD95E8890FA83082BB0 /* TweetService.swift in Sources */ = {isa = PBXBuildFile; fileRef = A45B734B11F8AA94992A777F /* TweetService.swift */; };
		FD052324D73D2CA6CB60697E /* ComponentsFactory.swift in Sources */ = {isa = PBXBuildFile; fileRef = BA3CFCF6FD13CF50BAE8C1D4 /* ComponentsFactory.swift */; };
		FD1AEF8BB39D731B6E029BD7 /* ProfileViewFilter.swift in Sources */ = {isa = PBXBuildFile; fileRef = 8842B4D4846EDD59640B30D8 /* ProfileViewFilter.swift */; };
		FE71D829E8D6FD3A81B88A66 /* SignInController.swift in Sources */ = {isa = PBXBuildFile; fileRef = 0BAE1E32B27AF177F7AA2422 /* SignInController.swift */; };
/* End PBXBuildFile section */

/* Begin PBXFileReference section */
		00BB678DD82EC0102C46D617 /* EditProfileFooter.swift */ = {isa = PBXFileReference; lastKnownFileType = sourcecode.swift; path = EditProfileFooter.swift; sourceTree = "<group>"; };
		09EDAD0E777FCCB5CC8BDD91 /* Pods_twitterClone.framework */ = {isa = PBXFileReference; explicitFileType = wrapper.framework; includeInIndex = 0; path = Pods_twitterClone.framework; sourceTree = BUILT_PRODUCTS_DIR; };
		0BAE1E32B27AF177F7AA2422 /* SignInController.swift */ = {isa = PBXFileReference; lastKnownFileType = sourcecode.swift; path = SignInController.swift; sourceTree = "<group>"; };
		0F0128C6182584314AC4A1E5 /* NotificationsController.swift */ = {isa = PBXFileReference; lastKnownFileType = sourcecode.swift; path = NotificationsController.swift; sourceTree = "<group>"; };
		0FAF2B56313362303FF7CEEA /* TweetViewModel.swift */ = {isa = PBXFileReference; lastKnownFileType = sourcecode.swift; path = TweetViewModel.swift; sourceTree = "<group>"; };
		10D9102106AE85B03792375E /* ActionSheetLauncher.swift */ = {isa = PBXFileReference; lastKnownFileType = sourcecode.swift; path = ActionSheetLauncher.swift; sourceTree = "<group>"; };
		150BB15B7128C74303C3BE75 /* EditProfileViewModel.swift */ = {isa = PBXFileReference; lastKnownFileType = sourcecode.swift; path = EditProfileViewModel.swift; sourceTree = "<group>"; };
		22C5CEF50C51799D3EA116A9 /* Roboto-Regular.ttf */ = {isa = PBXFileReference; lastKnownFileType = file; path = "Roboto-Regular.ttf"; sourceTree = "<group>"; };
		2C8128EA12EC4ACF7F31030D /* Pods-twitterClone.release.xcconfig */ = {isa = PBXFileReference; includeInIndex = 1; lastKnownFileType = text.xcconfig; name = "Pods-twitterClone.release.xcconfig"; path = "Target Support Files/Pods-twitterClone/Pods-twitterClone.release.xcconfig"; sourceTree = "<group>"; };
		3AB87DF460DBCC812B0BDF78 /* ActionSheetViewModel.swift */ = {isa = PBXFileReference; lastKnownFileType = sourcecode.swift; path = ActionSheetViewModel.swift; sourceTree = "<group>"; };
		3FD622B26ADFB2EDC04033BE /* EditProfileHeader.swift */ = {isa = PBXFileReference; lastKnownFileType = sourcecode.swift; path = EditProfileHeader.swift; sourceTree = "<group>"; };
		473B9FEEBD0E032C05E38307 /* AppDelegate.swift */ = {isa = PBXFileReference; lastKnownFileType = sourcecode.swift; path = AppDelegate.swift; sourceTree = "<group>"; };
		495B9FA16FC08069539D77D4 /* Tweet.swift */ = {isa = PBXFileReference; lastKnownFileType = sourcecode.swift; path = Tweet.swift; sourceTree = "<group>"; };
		4A64002B459F32A046B6C259 /* ActionSheetCell.swift */ = {isa = PBXFileReference; lastKnownFileType = sourcecode.swift; path = ActionSheetCell.swift; sourceTree = "<group>"; };
		4C0A4C8D02C6D3AB7BAAC9D5 /* EditProfileController.swift */ = {isa = PBXFileReference; lastKnownFileType = sourcecode.swift; path = EditProfileController.swift; sourceTree = "<group>"; };
		58EE2AF04B749CAE22FE93B5 /* TweetHeader.swift */ = {isa = PBXFileReference; lastKnownFileType = sourcecode.swift; path = TweetHeader.swift; sourceTree = "<group>"; };
		6186A7EF604D85049D21DD8C /* SearchController.swift */ = {isa = PBXFileReference; lastKnownFileType = sourcecode.swift; path = SearchController.swift; sourceTree = "<group>"; };
		63CBC07C28AE8F5D517ACB2B /* Notification.swift */ = {isa = PBXFileReference; lastKnownFileType = sourcecode.swift; path = Notification.swift; sourceTree = "<group>"; };
		66B6C7C413CAB4C4D266796D /* Constants.swift */ = {isa = PBXFileReference; lastKnownFileType = sourcecode.swift; path = Constants.swift; sourceTree = "<group>"; };
		67A5924744D8C7B6163AD5A4 /* twitterClone.app */ = {isa = PBXFileReference; includeInIndex = 0; lastKnownFileType = wrapper.application; path = twitterClone.app; sourceTree = BUILT_PRODUCTS_DIR; };
		6860961FDD62AB609E723DB3 /* TweetController.swift */ = {isa = PBXFileReference; lastKnownFileType = sourcecode.swift; path = TweetController.swift; sourceTree = "<group>"; };
		6CB3A71467AF571F311CA0C6 /* UploadTweetController.swift */ = {isa = PBXFileReference; lastKnownFileType = sourcecode.swift; path = UploadTweetController.swift; sourceTree = "<group>"; };
		6CB57265B3D7900A204308E5 /* SignUpController.swift */ = {isa = PBXFileReference; lastKnownFileType = sourcecode.swift; path = SignUpController.swift; sourceTree = "<group>"; };
		6F2A9BA3D65FF658BC90EB38 /* ProfileController.swift */ = {isa = PBXFileReference; lastKnownFileType = sourcecode.swift; path = ProfileController.swift; sourceTree = "<group>"; };
		7727B3B64BF9099ECDC50B3F /* NotificationViewModel.swift */ = {isa = PBXFileReference; lastKnownFileType = sourcecode.swift; path = NotificationViewModel.swift; sourceTree = "<group>"; };
		828CE955E6CFC9E422EEAE09 /* TweetCell.swift */ = {isa = PBXFileReference; lastKnownFileType = sourcecode.swift; path = TweetCell.swift; sourceTree = "<group>"; };
		8842B4D4846EDD59640B30D8 /* ProfileViewFilter.swift */ = {isa = PBXFileReference; lastKnownFileType = sourcecode.swift; path = ProfileViewFilter.swift; sourceTree = "<group>"; };
		8AFEEDD4DB5356A6D94D946C /* SceneDelegate.swift */ = {isa = PBXFileReference; lastKnownFileType = sourcecode.swift; path = SceneDelegate.swift; sourceTree = "<group>"; };
		8FBD3C579E27B7793DB5AD0C /* ProfileHeader.swift */ = {isa = PBXFileReference; lastKnownFileType = sourcecode.swift; path = ProfileHeader.swift; sourceTree = "<group>"; };
		92ACC0C8C7B92B22E840A6D3 /* NotificationCell.swift */ = {isa = PBXFileReference; lastKnownFileType = sourcecode.swift; path = NotificationCell.swift; sourceTree = "<group>"; };
		970EFA6B67B79098826D844C /* InputTextView.swift */ = {isa = PBXFileReference; lastKnownFileType = sourcecode.swift; path = InputTextView.swift; sourceTree = "<group>"; };
		A45B734B11F8AA94992A777F /* TweetService.swift */ = {isa = PBXFileReference; lastKnownFileType = sourcecode.swift; path = TweetService.swift; sourceTree = "<group>"; };
		A73E856162D9D161F4E6482F /* GoogleService-Info.plist */ = {isa = PBXFileReference; lastKnownFileType = text.plist; path = "GoogleService-Info.plist"; sourceTree = "<group>"; };
		A7DECC3F093BCE85548AD2CF /* ConversationsController.swift */ = {isa = PBXFileReference; lastKnownFileType = sourcecode.swift; path = ConversationsController.swift; sourceTree = "<group>"; };
		AB6E9830B78FB3FDFF32D5EB /* Roboto-Bold.ttf */ = {isa = PBXFileReference; lastKnownFileType = file; path = "Roboto-Bold.ttf"; sourceTree = "<group>"; };
		ABD38035BE77EF2C4CD72331 /* MainTabController.swift */ = {isa = PBXFileReference; lastKnownFileType = sourcecode.swift; path = MainTabController.swift; sourceTree = "<group>"; };
		AF49697FBB0DBA6D99029602 /* ProfileHeaderViewModel.swift */ = {isa = PBXFileReference; lastKnownFileType = sourcecode.swift; path = ProfileHeaderViewModel.swift; sourceTree = "<group>"; };
		B419D10D1A3A3D08FBBA9973 /* NotificationService.swift */ = {isa = PBXFileReference; lastKnownFileType = sourcecode.swift; path = NotificationService.swift; sourceTree = "<group>"; };
		B5EF9E6FA475B210B03888D9 /* User.swift */ = {isa = PBXFileReference; lastKnownFileType = sourcecode.swift; path = User.swift; sourceTree = "<group>"; };
		BA3CFCF6FD13CF50BAE8C1D4 /* ComponentsFactory.swift */ = {isa = PBXFileReference; lastKnownFileType = sourcecode.swift; path = ComponentsFactory.swift; sourceTree = "<group>"; };
		BC72C667F417BF059A7BD744 /* UserService.swift */ = {isa = PBXFileReference; lastKnownFileType = sourcecode.swift; path = UserService.swift; sourceTree = "<group>"; };
		C2FF2FE7F2AA4F911E294365 /* UserCell.swift */ = {isa = PBXFileReference; lastKnownFileType = sourcecode.swift; path = UserCell.swift; sourceTree = "<group>"; };
		C729017246E9DF8C536C54A3 /* FeedController.swift */ = {isa = PBXFileReference; lastKnownFileType = sourcecode.swift; path = FeedController.swift; sourceTree = "<group>"; };
		C75251593FA96E822EE4DC97 /* Base */ = {isa = PBXFileReference; lastKnownFileType = file.storyboard; name = Base; path = Base.lproj/LaunchScreen.storyboard; sourceTree = "<group>"; };
		CF84CAA39EAB8E180B6ED84C /* Extensions.swift */ = {isa = PBXFileReference; lastKnownFileType = sourcecode.swift; path = Extensions.swift; sourceTree = "<group>"; };
		DA0ECB8D81256025E3731A31 /* EditProfileCell.swift */ = {isa = PBXFileReference; lastKnownFileType = sourcecode.swift; path = EditProfileCell.swift; sourceTree = "<group>"; };
		DB512CAEC39A37C9D25C5875 /* ProfileFilterCell.swift */ = {isa = PBXFileReference; lastKnownFileType = sourcecode.swift; path = ProfileFilterCell.swift; sourceTree = "<group>"; };
		E40F5769EE76FA88C1B02C28 /* UserRelantionsStats.swift */ = {isa = PBXFileReference; lastKnownFileType = sourcecode.swift; path = UserRelantionsStats.swift; sourceTree = "<group>"; };
		E53609922DDC4B22D345BCD3 /* UploadTweetViewModel.swift */ = {isa = PBXFileReference; lastKnownFileType = sourcecode.swift; path = UploadTweetViewModel.swift; sourceTree = "<group>"; };
		F023FFB43DA109ACDE1E7A96 /* Assets.xcassets */ = {isa = PBXFileReference; lastKnownFileType = folder.assetcatalog; path = Assets.xcassets; sourceTree = "<group>"; };
		F6E42606772AD6BF0B5C9FC3 /* Info.plist */ = {isa = PBXFileReference; lastKnownFileType = text.plist; path = Info.plist; sourceTree = "<group>"; };
		F825F71B28AFC6AA385F763D /* AuthService.swift */ = {isa = PBXFileReference; lastKnownFileType = sourcecode.swift; path = AuthService.swift; sourceTree = "<group>"; };
		FAB24BEFB6BF7AD83076C79D /* Pods-twitterClone.debug.xcconfig */ = {isa = PBXFileReference; includeInIndex = 1; lastKnownFileType = text.xcconfig; name = "Pods-twitterClone.debug.xcconfig"; path = "Target Support Files/Pods-twitterClone/Pods-twitterClone.debug.xcconfig"; sourceTree = "<group>"; };
/* End PBXFileReference section */

/* Begin PBXFrameworksBuildPhase section */
		B7A030AE9F20BF2E432B605A /* Frameworks */ = {
			isa = PBXFrameworksBuildPhase;
			buildActionMask = 2147483647;
			files = (
				85D156A9BFB8D30FF2D07020 /* Pods_twitterClone.framework in Frameworks */,
			);
			runOnlyForDeploymentPostprocessing = 0;
		};
/* End PBXFrameworksBuildPhase section */

/* Begin PBXGroup section */
		0C35291E48AD4BF621C39B5D /* Components */ = {
			isa = PBXGroup;
			children = (
				BA3CFCF6FD13CF50BAE8C1D4 /* ComponentsFactory.swift */,
			);
			path = Components;
			sourceTree = "<group>";
		};
		0FBD7F7DBF2E6E8CB6B20207 = {
			isa = PBXGroup;
			children = (
				21DB69F7BECEEB23F111C537 /* twitterClone */,
				3F655D6A14DF0FCE5A76BBC6 /* Products */,
				7D891A98B63D3244FDCDE360 /* Pods */,
				74377D9AE4A5267979758DDA /* Frameworks */,
			);
			sourceTree = "<group>";
		};
		20A6DBCCEE2101CD81B02A0C /* Model */ = {
			isa = PBXGroup;
			children = (
				63CBC07C28AE8F5D517ACB2B /* Notification.swift */,
				495B9FA16FC08069539D77D4 /* Tweet.swift */,
				B5EF9E6FA475B210B03888D9 /* User.swift */,
				E40F5769EE76FA88C1B02C28 /* UserRelantionsStats.swift */,
			);
			path = Model;
			sourceTree = "<group>";
		};
		21B77390C52D539B4FB95348 /* Notification */ = {
			isa = PBXGroup;
			children = (
				92ACC0C8C7B92B22E840A6D3 /* NotificationCell.swift */,
			);
			path = Notification;
			sourceTree = "<group>";
		};
		21DB69F7BECEEB23F111C537 /* twitterClone */ = {
			isa = PBXGroup;
			children = (
				473B9FEEBD0E032C05E38307 /* AppDelegate.swift */,
				F023FFB43DA109ACDE1E7A96 /* Assets.xcassets */,
				A73E856162D9D161F4E6482F /* GoogleService-Info.plist */,
				F6E42606772AD6BF0B5C9FC3 /* Info.plist */,
				156BE44AE7B0DB5D881A3000 /* LaunchScreen.storyboard */,
				8AFEEDD4DB5356A6D94D946C /* SceneDelegate.swift */,
				74FD032222E484A39C0B7FD5 /* API */,
				0C35291E48AD4BF621C39B5D /* Components */,
				93FAEB96EEB6310794776EFC /* Controller */,
				F80CCAE433B4EE928F30EA35 /* Fonts */,
				20A6DBCCEE2101CD81B02A0C /* Model */,
				FBC951D74CB7D7C5A1239434 /* Utils */,
				8F18C190DE24CDE45354BD79 /* View */,
				BDF8292813B9929B25D0A784 /* ViewModel */,
			);
			path = twitterClone;
			sourceTree = "<group>";
		};
		3F655D6A14DF0FCE5A76BBC6 /* Products */ = {
			isa = PBXGroup;
			children = (
				67A5924744D8C7B6163AD5A4 /* twitterClone.app */,
			);
			name = Products;
			sourceTree = "<group>";
		};
		6DF7C2F1C18973A8161063C5 /* Tweet */ = {
			isa = PBXGroup;
			children = (
				828CE955E6CFC9E422EEAE09 /* TweetCell.swift */,
				58EE2AF04B749CAE22FE93B5 /* TweetHeader.swift */,
			);
			path = Tweet;
			sourceTree = "<group>";
		};
		74377D9AE4A5267979758DDA /* Frameworks */ = {
			isa = PBXGroup;
			children = (
				09EDAD0E777FCCB5CC8BDD91 /* Pods_twitterClone.framework */,
			);
			name = Frameworks;
			sourceTree = "<group>";
		};
		74FD032222E484A39C0B7FD5 /* API */ = {
			isa = PBXGroup;
			children = (
				F825F71B28AFC6AA385F763D /* AuthService.swift */,
				B419D10D1A3A3D08FBBA9973 /* NotificationService.swift */,
				A45B734B11F8AA94992A777F /* TweetService.swift */,
				BC72C667F417BF059A7BD744 /* UserService.swift */,
			);
			path = API;
			sourceTree = "<group>";
		};
		75607D4D29B349DDFF26DF19 /* Profile */ = {
			isa = PBXGroup;
			children = (
				DB512CAEC39A37C9D25C5875 /* ProfileFilterCell.swift */,
				8FBD3C579E27B7793DB5AD0C /* ProfileHeader.swift */,
				8842B4D4846EDD59640B30D8 /* ProfileViewFilter.swift */,
			);
			path = Profile;
			sourceTree = "<group>";
		};
		7D891A98B63D3244FDCDE360 /* Pods */ = {
			isa = PBXGroup;
			children = (
				FAB24BEFB6BF7AD83076C79D /* Pods-twitterClone.debug.xcconfig */,
				2C8128EA12EC4ACF7F31030D /* Pods-twitterClone.release.xcconfig */,
			);
			name = Pods;
			path = Pods;
			sourceTree = "<group>";
		};
		8F18C190DE24CDE45354BD79 /* View */ = {
			isa = PBXGroup;
			children = (
				97046E39E6241782DA24ADF0 /* EditProfile */,
				21B77390C52D539B4FB95348 /* Notification */,
				75607D4D29B349DDFF26DF19 /* Profile */,
				6DF7C2F1C18973A8161063C5 /* Tweet */,
				BE4A681E43E3BE35DE3CCD55 /* User */,
				915077FE6B2E0D71AD208C15 /* Utils */,
			);
			path = View;
			sourceTree = "<group>";
		};
		915077FE6B2E0D71AD208C15 /* Utils */ = {
			isa = PBXGroup;
			children = (
				4A64002B459F32A046B6C259 /* ActionSheetCell.swift */,
				970EFA6B67B79098826D844C /* InputTextView.swift */,
			);
			path = Utils;
			sourceTree = "<group>";
		};
		93FAEB96EEB6310794776EFC /* Controller */ = {
			isa = PBXGroup;
			children = (
				A7DECC3F093BCE85548AD2CF /* ConversationsController.swift */,
				4C0A4C8D02C6D3AB7BAAC9D5 /* EditProfileController.swift */,
				C729017246E9DF8C536C54A3 /* FeedController.swift */,
				ABD38035BE77EF2C4CD72331 /* MainTabController.swift */,
				0F0128C6182584314AC4A1E5 /* NotificationsController.swift */,
				6F2A9BA3D65FF658BC90EB38 /* ProfileController.swift */,
				6186A7EF604D85049D21DD8C /* SearchController.swift */,
				6860961FDD62AB609E723DB3 /* TweetController.swift */,
				6CB3A71467AF571F311CA0C6 /* UploadTweetController.swift */,
				F9D2C59A3BCF44BB09C48AD5 /* Authentication */,
			);
			path = Controller;
			sourceTree = "<group>";
		};
		97046E39E6241782DA24ADF0 /* EditProfile */ = {
			isa = PBXGroup;
			children = (
				DA0ECB8D81256025E3731A31 /* EditProfileCell.swift */,
				00BB678DD82EC0102C46D617 /* EditProfileFooter.swift */,
				3FD622B26ADFB2EDC04033BE /* EditProfileHeader.swift */,
			);
			path = EditProfile;
			sourceTree = "<group>";
		};
		BDF8292813B9929B25D0A784 /* ViewModel */ = {
			isa = PBXGroup;
			children = (
				3AB87DF460DBCC812B0BDF78 /* ActionSheetViewModel.swift */,
				150BB15B7128C74303C3BE75 /* EditProfileViewModel.swift */,
				7727B3B64BF9099ECDC50B3F /* NotificationViewModel.swift */,
				AF49697FBB0DBA6D99029602 /* ProfileHeaderViewModel.swift */,
				0FAF2B56313362303FF7CEEA /* TweetViewModel.swift */,
				E53609922DDC4B22D345BCD3 /* UploadTweetViewModel.swift */,
			);
			path = ViewModel;
			sourceTree = "<group>";
		};
		BE4A681E43E3BE35DE3CCD55 /* User */ = {
			isa = PBXGroup;
			children = (
				C2FF2FE7F2AA4F911E294365 /* UserCell.swift */,
			);
			path = User;
			sourceTree = "<group>";
		};
		F80CCAE433B4EE928F30EA35 /* Fonts */ = {
			isa = PBXGroup;
			children = (
				AB6E9830B78FB3FDFF32D5EB /* Roboto-Bold.ttf */,
				22C5CEF50C51799D3EA116A9 /* Roboto-Regular.ttf */,
			);
			path = Fonts;
			sourceTree = "<group>";
		};
		F9D2C59A3BCF44BB09C48AD5 /* Authentication */ = {
			isa = PBXGroup;
			children = (
				0BAE1E32B27AF177F7AA2422 /* SignInController.swift */,
				6CB57265B3D7900A204308E5 /* SignUpController.swift */,
			);
			path = Authentication;
			sourceTree = "<group>";
		};
		FBC951D74CB7D7C5A1239434 /* Utils */ = {
			isa = PBXGroup;
			children = (
				10D9102106AE85B03792375E /* ActionSheetLauncher.swift */,
				66B6C7C413CAB4C4D266796D /* Constants.swift */,
				CF84CAA39EAB8E180B6ED84C /* Extensions.swift */,
			);
			path = Utils;
			sourceTree = "<group>";
		};
/* End PBXGroup section */

/* Begin PBXNativeTarget section */
		0B74587C8F4A731B2E15AD33 /* twitterClone */ = {
			isa = PBXNativeTarget;
			buildConfigurationList = 735237BDEEA14F695A5F6F53 /* Build configuration list for PBXNativeTarget "twitterClone" */;
			buildPhases = (
				515E00FDF06747EA0501215E /* [CP] Check Pods Manifest.lock */,
				3098AF4FE0FEFA20884512C3 /* Sources */,
				29B96A82AA4721959C6CD9BB /* Resources */,
				B7A030AE9F20BF2E432B605A /* Frameworks */,
				17886C5A106776CF900F8B69 /* [CP] Embed Pods Frameworks */,
			);
			buildRules = (
			);
			dependencies = (
			);
			name = twitterClone;
			productName = twitterClone;
			productReference = 67A5924744D8C7B6163AD5A4 /* twitterClone.app */;
			productType = "com.apple.product-type.application";
		};
/* End PBXNativeTarget section */

/* Begin PBXProject section */
		4F1F3DA8E3DCFAD1D8051069 /* Project object */ = {
			isa = PBXProject;
			attributes = {
				LastUpgradeCheck = 1200;
				TargetAttributes = {
				};
			};
			buildConfigurationList = C90188FB44990E2C4FB0EBFB /* Build configuration list for PBXProject "twitterClone" */;
			compatibilityVersion = "Xcode 10.0";
			developmentRegion = en;
			hasScannedForEncodings = 0;
			knownRegions = (
				Base,
				en,
			);
			mainGroup = 0FBD7F7DBF2E6E8CB6B20207;
			productRefGroup = 3F655D6A14DF0FCE5A76BBC6 /* Products */;
			projectDirPath = "";
			projectRoot = "";
			targets = (
				0B74587C8F4A731B2E15AD33 /* twitterClone */,
			);
		};
/* End PBXProject section */

/* Begin PBXResourcesBuildPhase section */
		29B96A82AA4721959C6CD9BB /* Resources */ = {
			isa = PBXResourcesBuildPhase;
			buildActionMask = 2147483647;
			files = (
				6E1A984FC07B5EA32227BD4B /* Assets.xcassets in Resources */,
				CAFBCC81E400152564CA33E0 /* GoogleService-Info.plist in Resources */,
				6002B54B8CFB8C513F071813 /* LaunchScreen.storyboard in Resources */,
				0FF99097B99965875D105A52 /* Roboto-Bold.ttf in Resources */,
				A53D3F5187AF45CCBC5C4055 /* Roboto-Regular.ttf in Resources */,
			);
			runOnlyForDeploymentPostprocessing = 0;
		};
/* End PBXResourcesBuildPhase section */

/* Begin PBXShellScriptBuildPhase section */
		17886C5A106776CF900F8B69 /* [CP] Embed Pods Frameworks */ = {
			isa = PBXShellScriptBuildPhase;
			buildActionMask = 2147483647;
			files = (
			);
			inputFileListPaths = (
				"${PODS_ROOT}/Target Support Files/Pods-twitterClone/Pods-twitterClone-frameworks-${CONFIGURATION}-input-files.xcfilelist",
			);
			name = "[CP] Embed Pods Frameworks";
			outputFileListPaths = (
				"${PODS_ROOT}/Target Support Files/Pods-twitterClone/Pods-twitterClone-frameworks-${CONFIGURATION}-output-files.xcfilelist",
			);
			runOnlyForDeploymentPostprocessing = 0;
			shellPath = /bin/sh;
			shellScript = "\"${PODS_ROOT}/Target Support Files/Pods-twitterClone/Pods-twitterClone-frameworks.sh\"\n";
			showEnvVarsInLog = 0;
		};
		515E00FDF06747EA0501215E /* [CP] Check Pods Manifest.lock */ = {
			isa = PBXShellScriptBuildPhase;
			buildActionMask = 2147483647;
			files = (
			);
			inputFileListPaths = (
			);
			inputPaths = (
				"${PODS_PODFILE_DIR_PATH}/Podfile.lock",
				"${PODS_ROOT}/Manifest.lock",
			);
			name = "[CP] Check Pods Manifest.lock";
			outputFileListPaths = (
			);
			outputPaths = (
				"$(DERIVED_FILE_DIR)/Pods-twitterClone-checkManifestLockResult.txt",
			);
			runOnlyForDeploymentPostprocessing = 0;
			shellPath = /bin/sh;
			shellScript = "diff \"${PODS_PODFILE_DIR_PATH}/Podfile.lock\" \"${PODS_ROOT}/Manifest.lock\" > /dev/null\nif [ $? != 0 ] ; then\n    # print error to STDERR\n    echo \"error: The sandbox is not in sync with the Podfile.lock. Run 'pod install' or update your CocoaPods installation.\" >&2\n    exit 1\nfi\n# This output is used by Xcode 'outputs' to avoid re-running this script phase.\necho \"SUCCESS\" > \"${SCRIPT_OUTPUT_FILE_0}\"\n";
			showEnvVarsInLog = 0;
		};
/* End PBXShellScriptBuildPhase section */

/* Begin PBXSourcesBuildPhase section */
		3098AF4FE0FEFA20884512C3 /* Sources */ = {
			isa = PBXSourcesBuildPhase;
			buildActionMask = 2147483647;
			files = (
				BA7004270114E4BF210134AA /* ActionSheetCell.swift in Sources */,
				DCDF3FBA20FB742CC54EC5E6 /* ActionSheetLauncher.swift in Sources */,
				8D2ED81820938530B1ABB2E0 /* ActionSheetViewModel.swift in Sources */,
				65BB9442BED45AA5365EE474 /* AppDelegate.swift in Sources */,
				85BE685C06D68B38D989AFE8 /* AuthService.swift in Sources */,
				FD052324D73D2CA6CB60697E /* ComponentsFactory.swift in Sources */,
				CF59AE250F731639BA21E42F /* Constants.swift in Sources */,
				64C510B33B3F69E602D0326C /* ConversationsController.swift in Sources */,
				16D47C9F1BDD44F87F089C84 /* EditProfileCell.swift in Sources */,
				5556E912C9741C2A0EAAE933 /* EditProfileController.swift in Sources */,
				74C04412FEA33B6F589857A7 /* EditProfileFooter.swift in Sources */,
				0AF53C4D771E5CBC50583DC1 /* EditProfileHeader.swift in Sources */,
				E61830A56FB7C923F7ACB23E /* EditProfileViewModel.swift in Sources */,
				767871290366919823FE33CA /* Extensions.swift in Sources */,
				BE65B6D2FE975D1F612D83A2 /* FeedController.swift in Sources */,
				40C67974B075393848CE9C32 /* InputTextView.swift in Sources */,
				6FAA85B7A0042325E9BF84C6 /* MainTabController.swift in Sources */,
				4B8B10605BC0B953B697DB57 /* Notification.swift in Sources */,
				A76F6D2A6823DAC8F60D9374 /* NotificationCell.swift in Sources */,
				E67341696602B9B2407C1E77 /* NotificationService.swift in Sources */,
				3DA174FA574F35955AC27EB7 /* NotificationViewModel.swift in Sources */,
				587887D5C3FFE535D713907C /* NotificationsController.swift in Sources */,
				1DF51C1AE18A36D4D1BC2108 /* ProfileController.swift in Sources */,
				0238A2C51383AF15D7398910 /* ProfileFilterCell.swift in Sources */,
				DFCE2BD5D0A502FA7515E1AD /* ProfileHeader.swift in Sources */,
				744D28311E515B12CF224789 /* ProfileHeaderViewModel.swift in Sources */,
				FD1AEF8BB39D731B6E029BD7 /* ProfileViewFilter.swift in Sources */,
				0E4776097A34F4910C0ED572 /* SceneDelegate.swift in Sources */,
				5F1C68E817F43A6C8AE77ADD /* SearchController.swift in Sources */,
				FE71D829E8D6FD3A81B88A66 /* SignInController.swift in Sources */,
				6BCFA21F5A6F21AA8BB79C02 /* SignUpController.swift in Sources */,
				E821C8E97CE15FC6F1CE7772 /* Tweet.swift in Sources */,
				8DA090BCE061D2EA3984A026 /* TweetCell.swift in Sources */,
				2942C0164B24FC50659BACED /* TweetController.swift in Sources */,
				318E4E5C5C9D7FC12CFBC30F /* TweetHeader.swift in Sources */,
				FB129BD95E8890FA83082BB0 /* TweetService.swift in Sources */,
				42C5F91FCA236F8C1EAE445F /* TweetViewModel.swift in Sources */,
				F133C766C90B5E149713FE03 /* UploadTweetController.swift in Sources */,
				BD92294348B58AC6ADF1646E /* UploadTweetViewModel.swift in Sources */,
				688A962A9E12620F88972C88 /* User.swift in Sources */,
				022684F7B78725D0BA54ACA2 /* UserCell.swift in Sources */,
				EFC11FA9D87D74D964401A4C /* UserRelantionsStats.swift in Sources */,
				229E49E56B9306908C19AFC4 /* UserService.swift in Sources */,
			);
			runOnlyForDeploymentPostprocessing = 0;
		};
/* End PBXSourcesBuildPhase section */

/* Begin PBXVariantGroup section */
		156BE44AE7B0DB5D881A3000 /* LaunchScreen.storyboard */ = {
			isa = PBXVariantGroup;
			children = (
				C75251593FA96E822EE4DC97 /* Base */,
			);
			name = LaunchScreen.storyboard;
			sourceTree = "<group>";
		};
/* End PBXVariantGroup section */

/* Begin XCBuildConfiguration section */
		07EA3609FC27A17331967BEE /* Debug */ = {
			isa = XCBuildConfiguration;
			buildSettings = {
				ALWAYS_SEARCH_USER_PATHS = NO;
				CLANG_ANALYZER_NONNULL = YES;
				CLANG_ANALYZER_NUMBER_OBJECT_CONVERSION = YES_AGGRESSIVE;
				CLANG_CXX_LANGUAGE_STANDARD = "gnu++14";
				CLANG_CXX_LIBRARY = "libc++";
				CLANG_ENABLE_MODULES = YES;
				CLANG_ENABLE_OBJC_ARC = YES;
				CLANG_ENABLE_OBJC_WEAK = YES;
				CLANG_WARN_BLOCK_CAPTURE_AUTORELEASING = YES;
				CLANG_WARN_BOOL_CONVERSION = YES;
				CLANG_WARN_COMMA = YES;
				CLANG_WARN_CONSTANT_CONVERSION = YES;
				CLANG_WARN_DEPRECATED_OBJC_IMPLEMENTATIONS = YES;
				CLANG_WARN_DIRECT_OBJC_ISA_USAGE = YES_ERROR;
				CLANG_WARN_DOCUMENTATION_COMMENTS = YES;
				CLANG_WARN_EMPTY_BODY = YES;
				CLANG_WARN_ENUM_CONVERSION = YES;
				CLANG_WARN_INFINITE_RECURSION = YES;
				CLANG_WARN_INT_CONVERSION = YES;
				CLANG_WARN_NON_LITERAL_NULL_CONVERSION = YES;
				CLANG_WARN_OBJC_IMPLICIT_RETAIN_SELF = YES;
				CLANG_WARN_OBJC_LITERAL_CONVERSION = YES;
				CLANG_WARN_OBJC_ROOT_CLASS = YES_ERROR;
				CLANG_WARN_QUOTED_INCLUDE_IN_FRAMEWORK_HEADER = YES;
				CLANG_WARN_RANGE_LOOP_ANALYSIS = YES;
				CLANG_WARN_STRICT_PROTOTYPES = YES;
				CLANG_WARN_SUSPICIOUS_MOVE = YES;
				CLANG_WARN_UNGUARDED_AVAILABILITY = YES_AGGRESSIVE;
				CLANG_WARN_UNREACHABLE_CODE = YES;
				CLANG_WARN__DUPLICATE_METHOD_MATCH = YES;
				COPY_PHASE_STRIP = NO;
				DEBUG_INFORMATION_FORMAT = dwarf;
				ENABLE_STRICT_OBJC_MSGSEND = YES;
				ENABLE_TESTABILITY = YES;
				GCC_C_LANGUAGE_STANDARD = gnu11;
				GCC_DYNAMIC_NO_PIC = NO;
				GCC_NO_COMMON_BLOCKS = YES;
				GCC_OPTIMIZATION_LEVEL = 0;
				GCC_PREPROCESSOR_DEFINITIONS = (
					"$(inherited)",
					"DEBUG=1",
				);
				GCC_WARN_64_TO_32_BIT_CONVERSION = YES;
				GCC_WARN_ABOUT_RETURN_TYPE = YES_ERROR;
				GCC_WARN_UNDECLARED_SELECTOR = YES;
				GCC_WARN_UNINITIALIZED_AUTOS = YES_AGGRESSIVE;
				GCC_WARN_UNUSED_FUNCTION = YES;
				GCC_WARN_UNUSED_VARIABLE = YES;
				MTL_ENABLE_DEBUG_INFO = INCLUDE_SOURCE;
				MTL_FAST_MATH = YES;
				ONLY_ACTIVE_ARCH = YES;
				PRODUCT_NAME = "$(TARGET_NAME)";
				SDKROOT = iphoneos;
				SWIFT_ACTIVE_COMPILATION_CONDITIONS = DEBUG;
				SWIFT_OPTIMIZATION_LEVEL = "-Onone";
				SWIFT_VERSION = 5.0;
			};
			name = Debug;
		};
		0BCE0A10EE2398A81D23B80C /* Release */ = {
			isa = XCBuildConfiguration;
			baseConfigurationReference = 2C8128EA12EC4ACF7F31030D /* Pods-twitterClone.release.xcconfig */;
			buildSettings = {
				ASSETCATALOG_COMPILER_APPICON_NAME = AppIcon;
				CODE_SIGN_IDENTITY = "iPhone Developer";
				INFOPLIST_FILE = twitterClone/Info.plist;
				IPHONEOS_DEPLOYMENT_TARGET = 13.0;
				LD_RUNPATH_SEARCH_PATHS = (
					"$(inherited)",
					"@executable_path/Frameworks",
				);
				PRODUCT_BUNDLE_IDENTIFIER = com.devmeist3r.twitterClone;
				SDKROOT = iphoneos;
				TARGETED_DEVICE_FAMILY = "1,2";
			};
			name = Release;
		};
		2403E833FB7B1F5E549E76EB /* Debug */ = {
			isa = XCBuildConfiguration;
			baseConfigurationReference = FAB24BEFB6BF7AD83076C79D /* Pods-twitterClone.debug.xcconfig */;
			buildSettings = {
				ASSETCATALOG_COMPILER_APPICON_NAME = AppIcon;
				CODE_SIGN_IDENTITY = "iPhone Developer";
				INFOPLIST_FILE = twitterClone/Info.plist;
				IPHONEOS_DEPLOYMENT_TARGET = 13.0;
				LD_RUNPATH_SEARCH_PATHS = (
					"$(inherited)",
					"@executable_path/Frameworks",
				);
				PRODUCT_BUNDLE_IDENTIFIER = com.devmeist3r.twitterClone;
				SDKROOT = iphoneos;
				TARGETED_DEVICE_FAMILY = "1,2";
			};
			name = Debug;
		};
		A9C582F270D44D6E4FF01F3F /* Release */ = {
			isa = XCBuildConfiguration;
			buildSettings = {
				ALWAYS_SEARCH_USER_PATHS = NO;
				CLANG_ANALYZER_NONNULL = YES;
				CLANG_ANALYZER_NUMBER_OBJECT_CONVERSION = YES_AGGRESSIVE;
				CLANG_CXX_LANGUAGE_STANDARD = "gnu++14";
				CLANG_CXX_LIBRARY = "libc++";
				CLANG_ENABLE_MODULES = YES;
				CLANG_ENABLE_OBJC_ARC = YES;
				CLANG_ENABLE_OBJC_WEAK = YES;
				CLANG_WARN_BLOCK_CAPTURE_AUTORELEASING = YES;
				CLANG_WARN_BOOL_CONVERSION = YES;
				CLANG_WARN_COMMA = YES;
				CLANG_WARN_CONSTANT_CONVERSION = YES;
				CLANG_WARN_DEPRECATED_OBJC_IMPLEMENTATIONS = YES;
				CLANG_WARN_DIRECT_OBJC_ISA_USAGE = YES_ERROR;
				CLANG_WARN_DOCUMENTATION_COMMENTS = YES;
				CLANG_WARN_EMPTY_BODY = YES;
				CLANG_WARN_ENUM_CONVERSION = YES;
				CLANG_WARN_INFINITE_RECURSION = YES;
				CLANG_WARN_INT_CONVERSION = YES;
				CLANG_WARN_NON_LITERAL_NULL_CONVERSION = YES;
				CLANG_WARN_OBJC_IMPLICIT_RETAIN_SELF = YES;
				CLANG_WARN_OBJC_LITERAL_CONVERSION = YES;
				CLANG_WARN_OBJC_ROOT_CLASS = YES_ERROR;
				CLANG_WARN_QUOTED_INCLUDE_IN_FRAMEWORK_HEADER = YES;
				CLANG_WARN_RANGE_LOOP_ANALYSIS = YES;
				CLANG_WARN_STRICT_PROTOTYPES = YES;
				CLANG_WARN_SUSPICIOUS_MOVE = YES;
				CLANG_WARN_UNGUARDED_AVAILABILITY = YES_AGGRESSIVE;
				CLANG_WARN_UNREACHABLE_CODE = YES;
				CLANG_WARN__DUPLICATE_METHOD_MATCH = YES;
				COPY_PHASE_STRIP = NO;
				DEBUG_INFORMATION_FORMAT = "dwarf-with-dsym";
				ENABLE_NS_ASSERTIONS = NO;
				ENABLE_STRICT_OBJC_MSGSEND = YES;
				GCC_C_LANGUAGE_STANDARD = gnu11;
				GCC_NO_COMMON_BLOCKS = YES;
				GCC_WARN_64_TO_32_BIT_CONVERSION = YES;
				GCC_WARN_ABOUT_RETURN_TYPE = YES_ERROR;
				GCC_WARN_UNDECLARED_SELECTOR = YES;
				GCC_WARN_UNINITIALIZED_AUTOS = YES_AGGRESSIVE;
				GCC_WARN_UNUSED_FUNCTION = YES;
				GCC_WARN_UNUSED_VARIABLE = YES;
				MTL_ENABLE_DEBUG_INFO = NO;
				MTL_FAST_MATH = YES;
				PRODUCT_NAME = "$(TARGET_NAME)";
				SDKROOT = iphoneos;
				SWIFT_COMPILATION_MODE = wholemodule;
				SWIFT_OPTIMIZATION_LEVEL = "-O";
				SWIFT_VERSION = 5.0;
			};
			name = Release;
		};
/* End XCBuildConfiguration section */

/* Begin XCConfigurationList section */
		735237BDEEA14F695A5F6F53 /* Build configuration list for PBXNativeTarget "twitterClone" */ = {
			isa = XCConfigurationList;
			buildConfigurations = (
				2403E833FB7B1F5E549E76EB /* Debug */,
				0BCE0A10EE2398A81D23B80C /* Release */,
			);
			defaultConfigurationIsVisible = 0;
			defaultConfigurationName = Debug;
		};
		C90188FB44990E2C4FB0EBFB /* Build configuration list for PBXProject "twitterClone" */ = {
			isa = XCConfigurationList;
			buildConfigurations = (
				07EA3609FC27A17331967BEE /* Debug */,
				A9C582F270D44D6E4FF01F3F /* Release */,
			);
			defaultConfigurationIsVisible = 0;
			defaultConfigurationName = Debug;
		};
/* End XCConfigurationList section */
	};
	rootObject = 4F1F3DA8E3DCFAD1D8051069 /* Project object */;
}
